<?xml version="1.0" encoding="utf-8"?>
<Project ToolsVersion="4.0" xmlns="http://schemas.microsoft.com/developer/msbuild/2003">
  <ItemGroup>
    <Filter Include="Header Files">
      <UniqueIdentifier>{93995380-89BD-4b04-88EB-625FBE52EBFB}</UniqueIdentifier>
      <Extensions>h;hh;hpp;hxx;h++;hm;inl;inc;ipp;xsd</Extensions>
    </Filter>
    <Filter Include="Resource Files">
      <UniqueIdentifier>{67DA6AB6-F800-4c08-8B7A-83BB121AAD01}</UniqueIdentifier>
      <Extensions>rc;ico;cur;bmp;dlg;rc2;rct;bin;rgs;gif;jpg;jpeg;jpe;resx;tiff;tif;png;wav;mfcribbon-ms</Extensions>
    </Filter>
    <Filter Include="Shaders">
      <UniqueIdentifier>{65718bf0-7982-4b52-8b33-ba5c7c415663}</UniqueIdentifier>
    </Filter>
    <Filter Include="Shaders\renderingSprites">
      <UniqueIdentifier>{db41a20f-058c-4947-ab76-9dfc617158f3}</UniqueIdentifier>
    </Filter>
    <Filter Include="level">
      <UniqueIdentifier>{c1887a45-050c-40da-8eed-e61df148f97b}</UniqueIdentifier>
    </Filter>
    <Filter Include="Shaders\particles">
      <UniqueIdentifier>{9c322352-ac0b-47ad-beae-36e48acebdfa}</UniqueIdentifier>
    </Filter>
    <Filter Include="Shaders\postprocessing">
      <UniqueIdentifier>{a8cc8754-10d3-4346-b4d4-72a984f5767e}</UniqueIdentifier>
    </Filter>
    <Filter Include="Shaders\text">
      <UniqueIdentifier>{1a5862de-931b-47bc-995e-1d7d62a55b37}</UniqueIdentifier>
    </Filter>
    <Filter Include="Shaders\lightshader">
      <UniqueIdentifier>{ddb23e16-3282-4755-9171-cdd4109ebf83}</UniqueIdentifier>
    </Filter>
  </ItemGroup>
  <ItemGroup>
    <ClCompile Include="SourceFiles\ball_object.cpp">
      <Filter>Resource Files</Filter>
    </ClCompile>
    <ClCompile Include="SourceFiles\box.cpp">
      <Filter>Resource Files</Filter>
    </ClCompile>
    <ClCompile Include="SourceFiles\game.cpp">
      <Filter>Resource Files</Filter>
    </ClCompile>
    <ClCompile Include="SourceFiles\game_level.cpp">
      <Filter>Resource Files</Filter>
    </ClCompile>
    <ClCompile Include="SourceFiles\game_object.cpp">
      <Filter>Resource Files</Filter>
    </ClCompile>
    <ClCompile Include="SourceFiles\glad.c">
      <Filter>Resource Files</Filter>
    </ClCompile>
    <ClCompile Include="SourceFiles\particle_generator.cpp">
      <Filter>Resource Files</Filter>
    </ClCompile>
    <ClCompile Include="SourceFiles\post_processor.cpp">
      <Filter>Resource Files</Filter>
    </ClCompile>
    <ClCompile Include="SourceFiles\program.cpp">
      <Filter>Resource Files</Filter>
    </ClCompile>
    <ClCompile Include="SourceFiles\resource_manager.cpp">
      <Filter>Resource Files</Filter>
    </ClCompile>
    <ClCompile Include="SourceFiles\shader.cpp">
      <Filter>Resource Files</Filter>
    </ClCompile>
    <ClCompile Include="SourceFiles\sprite_renderer.cpp">
      <Filter>Resource Files</Filter>
    </ClCompile>
    <ClCompile Include="SourceFiles\stb_image.cpp">
      <Filter>Resource Files</Filter>
    </ClCompile>
    <ClCompile Include="SourceFiles\text_renderer.cpp">
      <Filter>Resource Files</Filter>
    </ClCompile>
    <ClCompile Include="SourceFiles\texture.cpp">
      <Filter>Resource Files</Filter>
    </ClCompile>
  </ItemGroup>
  <ItemGroup>
    <ClInclude Include="HeaderFiles\ball_object.h">
      <Filter>Header Files</Filter>
    </ClInclude>
    <ClInclude Include="HeaderFiles\box.h">
      <Filter>Header Files</Filter>
    </ClInclude>
    <ClInclude Include="HeaderFiles\Contactlistener.h">
      <Filter>Header Files</Filter>
    </ClInclude>
    <ClInclude Include="HeaderFiles\game.h">
      <Filter>Header Files</Filter>
    </ClInclude>
    <ClInclude Include="HeaderFiles\game_level.h">
      <Filter>Header Files</Filter>
    </ClInclude>
    <ClInclude Include="HeaderFiles\game_object.h">
      <Filter>Header Files</Filter>
    </ClInclude>
    <ClInclude Include="HeaderFiles\light2d.h">
      <Filter>Header Files</Filter>
    </ClInclude>
    <ClInclude Include="HeaderFiles\particle_generator.h">
      <Filter>Header Files</Filter>
    </ClInclude>
    <ClInclude Include="HeaderFiles\post_processor.h">
      <Filter>Header Files</Filter>
    </ClInclude>
    <ClInclude Include="HeaderFiles\power_up.h">
      <Filter>Header Files</Filter>
    </ClInclude>
    <ClInclude Include="HeaderFiles\resource_manager.h">
      <Filter>Header Files</Filter>
    </ClInclude>
    <ClInclude Include="HeaderFiles\shader.h">
      <Filter>Header Files</Filter>
    </ClInclude>
    <ClInclude Include="HeaderFiles\sprite_renderer.h">
      <Filter>Header Files</Filter>
    </ClInclude>
    <ClInclude Include="HeaderFiles\stb_image.h">
      <Filter>Header Files</Filter>
    </ClInclude>
    <ClInclude Include="HeaderFiles\text_renderer.h">
      <Filter>Header Files</Filter>
    </ClInclude>
    <ClInclude Include="HeaderFiles\texture.h">
      <Filter>Header Files</Filter>
    </ClInclude>
    <ClInclude Include="HeaderFiles\Vertex.h">
      <Filter>Header Files</Filter>
    </ClInclude>
  </ItemGroup>
  <ItemGroup>
    <None Include="levels\five.lvl">
      <Filter>level</Filter>
    </None>
    <None Include="levels\four.lvl">
      <Filter>level</Filter>
    </None>
    <None Include="Shaders\light2d.frag">
      <Filter>Shaders\lightshader</Filter>
    </None>
    <None Include="Shaders\light2d.vs">
      <Filter>Shaders\lightshader</Filter>
    </None>
    <None Include="levels\one.lvl">
      <Filter>level</Filter>
    </None>
    <None Include="Shaders\particle.frag">
      <Filter>Shaders\particles</Filter>
    </None>
    <None Include="Shaders\particle.vs">
      <Filter>Shaders\particles</Filter>
    </None>
    <None Include="Shaders\post_processing.frag">
      <Filter>Shaders\postprocessing</Filter>
    </None>
    <None Include="Shaders\post_processing.vs">
      <Filter>Shaders\postprocessing</Filter>
    </None>
    <None Include="Shaders\sprite.frag">
      <Filter>Shaders\renderingSprites</Filter>
    </None>
    <None Include="Shaders\sprite.vs">
      <Filter>Shaders\renderingSprites</Filter>
    </None>
    <None Include="Shaders\text.frag">
      <Filter>Shaders\text</Filter>
    </None>
    <None Include="Shaders\text.vs">
      <Filter>Shaders\text</Filter>
    </None>
    <None Include="levels\three.lvl">
      <Filter>level</Filter>
    </None>
    <None Include="levels\two.lvl">
      <Filter>level</Filter>
    </None>
    <None Include="README.md" />
  </ItemGroup>
</Project>